
Microsoft Visual Studio Solution File, Format Version 12.00
# Visual Studio 15
VisualStudioVersion = 15.0.27428.2037
MinimumVisualStudioVersion = 10.0.40219.1
Project("{9A19103F-16F7-4668-BE54-9A1E7A4F7556}") = "Example", "Example\Example.csproj", "{7CA6701B-61EE-40B7-AA8A-DE4BF7FCE906}"
EndProject
Global
	GlobalSection(SolutionConfigurationPlatforms) = preSolution
		Debug|Any CPU = Debug|Any CPU
		Release|Any CPU = Release|Any CPU
	EndGlobalSection
	GlobalSection(ProjectConfigurationPlatforms) = postSolution
		{7CA6701B-61EE-40B7-AA8A-DE4BF7FCE906}.Debug|Any CPU.ActiveCfg = Debug|Any CPU
		{7CA6701B-61EE-40B7-AA8A-DE4BF7FCE906}.Debug|Any CPU.Build.0 = Debug|Any CPU
		{7CA6701B-61EE-40B7-AA8A-DE4BF7FCE906}.Release|Any CPU.ActiveCfg = Release|Any CPU
		{7CA6701B-61EE-40B7-AA8A-DE4BF7FCE906}.Release|Any CPU.Build.0 = Release|Any CPU
	EndGlobalSection
	GlobalSection(SolutionProperties) = preSolution
		HideSolutionNode = FALSE
	EndGlobalSection
	GlobalSection(ExtensibilityGlobals) = postSolution
		SolutionGuid = {2E185508-E35A-4650-90BF-A2CDC752BA6F}
	EndGlobalSection
EndGlobal
